// !$*UTF8*$!
{
	archiveVersion = 1;
	classes = {
	};
	objectVersion = 46;
	objects = {

/* Begin PBXBuildFile section */
		48C0D32319527F4500A84B39 /* Foundation.framework in Frameworks */ = {isa = PBXBuildFile; fileRef = 48C0D32219527F4500A84B39 /* Foundation.framework */; };
		48C0D32519527F4500A84B39 /* CoreGraphics.framework in Frameworks */ = {isa = PBXBuildFile; fileRef = 48C0D32419527F4500A84B39 /* CoreGraphics.framework */; };
		48C0D32719527F4500A84B39 /* UIKit.framework in Frameworks */ = {isa = PBXBuildFile; fileRef = 48C0D32619527F4500A84B39 /* UIKit.framework */; };
		48C0D32D19527F4500A84B39 /* InfoPlist.strings in Resources */ = {isa = PBXBuildFile; fileRef = 48C0D32B19527F4500A84B39 /* InfoPlist.strings */; };
		48C0D32F19527F4500A84B39 /* main.m in Sources */ = {isa = PBXBuildFile; fileRef = 48C0D32E19527F4500A84B39 /* main.m */; };
		48C0D33319527F4500A84B39 /* Test2AppDelegate.m in Sources */ = {isa = PBXBuildFile; fileRef = 48C0D33219527F4500A84B39 /* Test2AppDelegate.m */; };
		48C0D33619527F4500A84B39 /* Main.storyboard in Resources */ = {isa = PBXBuildFile; fileRef = 48C0D33419527F4500A84B39 /* Main.storyboard */; };
		48C0D33919527F4500A84B39 /* MainViewController.m in Sources */ = {isa = PBXBuildFile; fileRef = 48C0D33819527F4500A84B39 /* MainViewController.m */; };
		48C0D33B19527F4500A84B39 /* Images.xcassets in Resources */ = {isa = PBXBuildFile; fileRef = 48C0D33A19527F4500A84B39 /* Images.xcassets */; };
		48C0D34219527F4500A84B39 /* XCTest.framework in Frameworks */ = {isa = PBXBuildFile; fileRef = 48C0D34119527F4500A84B39 /* XCTest.framework */; };
		48C0D34319527F4500A84B39 /* Foundation.framework in Frameworks */ = {isa = PBXBuildFile; fileRef = 48C0D32219527F4500A84B39 /* Foundation.framework */; };
		48C0D34419527F4500A84B39 /* UIKit.framework in Frameworks */ = {isa = PBXBuildFile; fileRef = 48C0D32619527F4500A84B39 /* UIKit.framework */; };
		48C0D34C19527F4500A84B39 /* InfoPlist.strings in Resources */ = {isa = PBXBuildFile; fileRef = 48C0D34A19527F4500A84B39 /* InfoPlist.strings */; };
		48C0D34E19527F4500A84B39 /* Protein_TrackerTests.m in Sources */ = {isa = PBXBuildFile; fileRef = 48C0D34D19527F4500A84B39 /* Protein_TrackerTests.m */; };
		48C0D359195BAE6F00A84B39 /* HistoryViewController.m in Sources */ = {isa = PBXBuildFile; fileRef = 48C0D358195BAE6F00A84B39 /* HistoryViewController.m */; };
/* End PBXBuildFile section */

/* Begin PBXContainerItemProxy section */
		48C0D34519527F4500A84B39 /* PBXContainerItemProxy */ = {
			isa = PBXContainerItemProxy;
			containerPortal = 48C0D31719527F4500A84B39 /* Project object */;
			proxyType = 1;
			remoteGlobalIDString = 48C0D31E19527F4500A84B39;
			remoteInfo = "Protein Tracker";
		};
/* End PBXContainerItemProxy section */

/* Begin PBXFileReference section */
		48C0D31F19527F4500A84B39 /* Protein Tracker.app */ = {isa = PBXFileReference; explicitFileType = wrapper.application; includeInIndex = 0; path = "Protein Tracker.app"; sourceTree = BUILT_PRODUCTS_DIR; };
		48C0D32219527F4500A84B39 /* Foundation.framework */ = {isa = PBXFileReference; lastKnownFileType = wrapper.framework; name = Foundation.framework; path = System/Library/Frameworks/Foundation.framework; sourceTree = SDKROOT; };
		48C0D32419527F4500A84B39 /* CoreGraphics.framework */ = {isa = PBXFileReference; lastKnownFileType = wrapper.framework; name = CoreGraphics.framework; path = System/Library/Frameworks/CoreGraphics.framework; sourceTree = SDKROOT; };
		48C0D32619527F4500A84B39 /* UIKit.framework */ = {isa = PBXFileReference; lastKnownFileType = wrapper.framework; name = UIKit.framework; path = System/Library/Frameworks/UIKit.framework; sourceTree = SDKROOT; };
		48C0D32A19527F4500A84B39 /* Protein Tracker-Info.plist */ = {isa = PBXFileReference; lastKnownFileType = text.plist.xml; path = "Protein Tracker-Info.plist"; sourceTree = "<group>"; };
		48C0D32C19527F4500A84B39 /* en */ = {isa = PBXFileReference; lastKnownFileType = text.plist.strings; name = en; path = en.lproj/InfoPlist.strings; sourceTree = "<group>"; };
		48C0D32E19527F4500A84B39 /* main.m */ = {isa = PBXFileReference; lastKnownFileType = sourcecode.c.objc; path = main.m; sourceTree = "<group>"; };
		48C0D33019527F4500A84B39 /* Protein Tracker-Prefix.pch */ = {isa = PBXFileReference; lastKnownFileType = sourcecode.c.h; path = "Protein Tracker-Prefix.pch"; sourceTree = "<group>"; };
		48C0D33119527F4500A84B39 /* Test2AppDelegate.h */ = {isa = PBXFileReference; lastKnownFileType = sourcecode.c.h; path = Test2AppDelegate.h; sourceTree = "<group>"; };
		48C0D33219527F4500A84B39 /* Test2AppDelegate.m */ = {isa = PBXFileReference; lastKnownFileType = sourcecode.c.objc; path = Test2AppDelegate.m; sourceTree = "<group>"; };
		48C0D33519527F4500A84B39 /* Base */ = {isa = PBXFileReference; lastKnownFileType = file.storyboard; name = Base; path = Base.lproj/Main.storyboard; sourceTree = "<group>"; };
		48C0D33719527F4500A84B39 /* MainViewController.h */ = {isa = PBXFileReference; lastKnownFileType = sourcecode.c.h; path = MainViewController.h; sourceTree = "<group>"; };
		48C0D33819527F4500A84B39 /* MainViewController.m */ = {isa = PBXFileReference; lastKnownFileType = sourcecode.c.objc; path = MainViewController.m; sourceTree = "<group>"; };
		48C0D33A19527F4500A84B39 /* Images.xcassets */ = {isa = PBXFileReference; lastKnownFileType = folder.assetcatalog; path = Images.xcassets; sourceTree = "<group>"; };
		48C0D34019527F4500A84B39 /* Protein TrackerTests.xctest */ = {isa = PBXFileReference; explicitFileType = wrapper.cfbundle; includeInIndex = 0; path = "Protein TrackerTests.xctest"; sourceTree = BUILT_PRODUCTS_DIR; };
		48C0D34119527F4500A84B39 /* XCTest.framework */ = {isa = PBXFileReference; lastKnownFileType = wrapper.framework; name = XCTest.framework; path = Library/Frameworks/XCTest.framework; sourceTree = DEVELOPER_DIR; };
		48C0D34919527F4500A84B39 /* Protein TrackerTests-Info.plist */ = {isa = PBXFileReference; lastKnownFileType = text.plist.xml; path = "Protein TrackerTests-Info.plist"; sourceTree = "<group>"; };
		48C0D34B19527F4500A84B39 /* en */ = {isa = PBXFileReference; lastKnownFileType = text.plist.strings; name = en; path = en.lproj/InfoPlist.strings; sourceTree = "<group>"; };
		48C0D34D19527F4500A84B39 /* Protein_TrackerTests.m */ = {isa = PBXFileReference; lastKnownFileType = sourcecode.c.objc; path = Protein_TrackerTests.m; sourceTree = "<group>"; };
		48C0D357195BAE6F00A84B39 /* HistoryViewController.h */ = {isa = PBXFileReference; fileEncoding = 4; lastKnownFileType = sourcecode.c.h; path = HistoryViewController.h; sourceTree = "<group>"; };
		48C0D358195BAE6F00A84B39 /* HistoryViewController.m */ = {isa = PBXFileReference; fileEncoding = 4; lastKnownFileType = sourcecode.c.objc; path = HistoryViewController.m; sourceTree = "<group>"; };
/* End PBXFileReference section */

/* Begin PBXFrameworksBuildPhase section */
		48C0D31C19527F4500A84B39 /* Frameworks */ = {
			isa = PBXFrameworksBuildPhase;
			buildActionMask = 2147483647;
			files = (
				48C0D32519527F4500A84B39 /* CoreGraphics.framework in Frameworks */,
				48C0D32719527F4500A84B39 /* UIKit.framework in Frameworks */,
				48C0D32319527F4500A84B39 /* Foundation.framework in Frameworks */,
			);
			runOnlyForDeploymentPostprocessing = 0;
		};
		48C0D33D19527F4500A84B39 /* Frameworks */ = {
			isa = PBXFrameworksBuildPhase;
			buildActionMask = 2147483647;
			files = (
				48C0D34219527F4500A84B39 /* XCTest.framework in Frameworks */,
				48C0D34419527F4500A84B39 /* UIKit.framework in Frameworks */,
				48C0D34319527F4500A84B39 /* Foundation.framework in Frameworks */,
			);
			runOnlyForDeploymentPostprocessing = 0;
		};
/* End PBXFrameworksBuildPhase section */

/* Begin PBXGroup section */
		48C0D31619527F4500A84B39 = {
			isa = PBXGroup;
			children = (
				48C0D32819527F4500A84B39 /* Protein Tracker */,
				48C0D34719527F4500A84B39 /* Protein TrackerTests */,
				48C0D32119527F4500A84B39 /* Frameworks */,
				48C0D32019527F4500A84B39 /* Products */,
			);
			sourceTree = "<group>";
		};
		48C0D32019527F4500A84B39 /* Products */ = {
			isa = PBXGroup;
			children = (
				48C0D31F19527F4500A84B39 /* Protein Tracker.app */,
				48C0D34019527F4500A84B39 /* Protein TrackerTests.xctest */,
			);
			name = Products;
			sourceTree = "<group>";
		};
		48C0D32119527F4500A84B39 /* Frameworks */ = {
			isa = PBXGroup;
			children = (
				48C0D32219527F4500A84B39 /* Foundation.framework */,
				48C0D32419527F4500A84B39 /* CoreGraphics.framework */,
				48C0D32619527F4500A84B39 /* UIKit.framework */,
				48C0D34119527F4500A84B39 /* XCTest.framework */,
			);
			name = Frameworks;
			sourceTree = "<group>";
		};
		48C0D32819527F4500A84B39 /* Protein Tracker */ = {
			isa = PBXGroup;
			children = (
				48C0D33119527F4500A84B39 /* Test2AppDelegate.h */,
				48C0D33219527F4500A84B39 /* Test2AppDelegate.m */,
				48C0D33419527F4500A84B39 /* Main.storyboard */,
				48C0D33719527F4500A84B39 /* MainViewController.h */,
				48C0D33819527F4500A84B39 /* MainViewController.m */,
				48C0D33A19527F4500A84B39 /* Images.xcassets */,
				48C0D32919527F4500A84B39 /* Supporting Files */,
				48C0D357195BAE6F00A84B39 /* HistoryViewController.h */,
				48C0D358195BAE6F00A84B39 /* HistoryViewController.m */,
			);
			path = "Protein Tracker";
			sourceTree = "<group>";
		};
		48C0D32919527F4500A84B39 /* Supporting Files */ = {
			isa = PBXGroup;
			children = (
				48C0D32A19527F4500A84B39 /* Protein Tracker-Info.plist */,
				48C0D32B19527F4500A84B39 /* InfoPlist.strings */,
				48C0D32E19527F4500A84B39 /* main.m */,
				48C0D33019527F4500A84B39 /* Protein Tracker-Prefix.pch */,
			);
			name = "Supporting Files";
			sourceTree = "<group>";
		};
		48C0D34719527F4500A84B39 /* Protein TrackerTests */ = {
			isa = PBXGroup;
			children = (
				48C0D34D19527F4500A84B39 /* Protein_TrackerTests.m */,
				48C0D34819527F4500A84B39 /* Supporting Files */,
			);
			path = "Protein TrackerTests";
			sourceTree = "<group>";
		};
		48C0D34819527F4500A84B39 /* Supporting Files */ = {
			isa = PBXGroup;
			children = (
				48C0D34919527F4500A84B39 /* Protein TrackerTests-Info.plist */,
				48C0D34A19527F4500A84B39 /* InfoPlist.strings */,
			);
			name = "Supporting Files";
			sourceTree = "<group>";
		};
/* End PBXGroup section */

/* Begin PBXNativeTarget section */
		48C0D31E19527F4500A84B39 /* Protein Tracker */ = {
			isa = PBXNativeTarget;
			buildConfigurationList = 48C0D35119527F4500A84B39 /* Build configuration list for PBXNativeTarget "Protein Tracker" */;
			buildPhases = (
				48C0D31B19527F4500A84B39 /* Sources */,
				48C0D31C19527F4500A84B39 /* Frameworks */,
				48C0D31D19527F4500A84B39 /* Resources */,
			);
			buildRules = (
			);
			dependencies = (
			);
			name = "Protein Tracker";
			productName = "Protein Tracker";
			productReference = 48C0D31F19527F4500A84B39 /* Protein Tracker.app */;
			productType = "com.apple.product-type.application";
		};
		48C0D33F19527F4500A84B39 /* Protein TrackerTests */ = {
			isa = PBXNativeTarget;
			buildConfigurationList = 48C0D35419527F4500A84B39 /* Build configuration list for PBXNativeTarget "Protein TrackerTests" */;
			buildPhases = (
				48C0D33C19527F4500A84B39 /* Sources */,
				48C0D33D19527F4500A84B39 /* Frameworks */,
				48C0D33E19527F4500A84B39 /* Resources */,
			);
			buildRules = (
			);
			dependencies = (
				48C0D34619527F4500A84B39 /* PBXTargetDependency */,
			);
			name = "Protein TrackerTests";
			productName = "Protein TrackerTests";
			productReference = 48C0D34019527F4500A84B39 /* Protein TrackerTests.xctest */;
			productType = "com.apple.product-type.bundle.unit-test";
		};
/* End PBXNativeTarget section */

/* Begin PBXProject section */
		48C0D31719527F4500A84B39 /* Project object */ = {
			isa = PBXProject;
			attributes = {
				CLASSPREFIX = Test2;
				LastUpgradeCheck = 0510;
				ORGANIZATIONNAME = test;
				TargetAttributes = {
					48C0D33F19527F4500A84B39 = {
						TestTargetID = 48C0D31E19527F4500A84B39;
					};
				};
			};
			buildConfigurationList = 48C0D31A19527F4500A84B39 /* Build configuration list for PBXProject "Protein Tracker" */;
			compatibilityVersion = "Xcode 3.2";
			developmentRegion = English;
			hasScannedForEncodings = 0;
			knownRegions = (
				en,
				Base,
			);
			mainGroup = 48C0D31619527F4500A84B39;
			productRefGroup = 48C0D32019527F4500A84B39 /* Products */;
			projectDirPath = "";
			projectRoot = "";
			targets = (
				48C0D31E19527F4500A84B39 /* Protein Tracker */,
				48C0D33F19527F4500A84B39 /* Protein TrackerTests */,
			);
		};
/* End PBXProject section */

/* Begin PBXResourcesBuildPhase section */
		48C0D31D19527F4500A84B39 /* Resources */ = {
			isa = PBXResourcesBuildPhase;
			buildActionMask = 2147483647;
			files = (
				48C0D33B19527F4500A84B39 /* Images.xcassets in Resources */,
				48C0D32D19527F4500A84B39 /* InfoPlist.strings in Resources */,
				48C0D33619527F4500A84B39 /* Main.storyboard in Resources */,
			);
			runOnlyForDeploymentPostprocessing = 0;
		};
		48C0D33E19527F4500A84B39 /* Resources */ = {
			isa = PBXResourcesBuildPhase;
			buildActionMask = 2147483647;
			files = (
				48C0D34C19527F4500A84B39 /* InfoPlist.strings in Resources */,
			);
			runOnlyForDeploymentPostprocessing = 0;
		};
/* End PBXResourcesBuildPhase section */

/* Begin PBXSourcesBuildPhase section */
		48C0D31B19527F4500A84B39 /* Sources */ = {
			isa = PBXSourcesBuildPhase;
			buildActionMask = 2147483647;
			files = (
				48C0D33919527F4500A84B39 /* MainViewController.m in Sources */,
				48C0D32F19527F4500A84B39 /* main.m in Sources */,
				48C0D33319527F4500A84B39 /* Test2AppDelegate.m in Sources */,
				48C0D359195BAE6F00A84B39 /* HistoryViewController.m in Sources */,
			);
			runOnlyForDeploymentPostprocessing = 0;
		};
		48C0D33C19527F4500A84B39 /* Sources */ = {
			isa = PBXSourcesBuildPhase;
			buildActionMask = 2147483647;
			files = (
				48C0D34E19527F4500A84B39 /* Protein_TrackerTests.m in Sources */,
			);
			runOnlyForDeploymentPostprocessing = 0;
		};
/* End PBXSourcesBuildPhase section */

/* Begin PBXTargetDependency section */
		48C0D34619527F4500A84B39 /* PBXTargetDependency */ = {
			isa = PBXTargetDependency;
			target = 48C0D31E19527F4500A84B39 /* Protein Tracker */;
			targetProxy = 48C0D34519527F4500A84B39 /* PBXContainerItemProxy */;
		};
/* End PBXTargetDependency section */

/* Begin PBXVariantGroup section */
		48C0D32B19527F4500A84B39 /* InfoPlist.strings */ = {
			isa = PBXVariantGroup;
			children = (
				48C0D32C19527F4500A84B39 /* en */,
			);
			name = InfoPlist.strings;
			sourceTree = "<group>";
		};
		48C0D33419527F4500A84B39 /* Main.storyboard */ = {
			isa = PBXVariantGroup;
			children = (
				48C0D33519527F4500A84B39 /* Base */,
			);
			name = Main.storyboard;
			sourceTree = "<group>";
		};
		48C0D34A19527F4500A84B39 /* InfoPlist.strings */ = {
			isa = PBXVariantGroup;
			children = (
				48C0D34B19527F4500A84B39 /* en */,
			);
			name = InfoPlist.strings;
			sourceTree = "<group>";
		};
/* End PBXVariantGroup section */

/* Begin XCBuildConfiguration section */
		48C0D34F19527F4500A84B39 /* Debug */ = {
			isa = XCBuildConfiguration;
			buildSettings = {
				ALWAYS_SEARCH_USER_PATHS = NO;
				CLANG_CXX_LANGUAGE_STANDARD = "gnu++0x";
				CLANG_CXX_LIBRARY = "libc++";
				CLANG_ENABLE_MODULES = YES;
				CLANG_ENABLE_OBJC_ARC = YES;
				CLANG_WARN_BOOL_CONVERSION = YES;
				CLANG_WARN_CONSTANT_CONVERSION = YES;
				CLANG_WARN_DIRECT_OBJC_ISA_USAGE = YES_ERROR;
				CLANG_WARN_EMPTY_BODY = YES;
				CLANG_WARN_ENUM_CONVERSION = YES;
				CLANG_WARN_INT_CONVERSION = YES;
				CLANG_WARN_OBJC_ROOT_CLASS = YES_ERROR;
				CLANG_WARN__DUPLICATE_METHOD_MATCH = YES;
				"CODE_SIGN_IDENTITY[sdk=iphoneos*]" = "iPhone Developer";
				COPY_PHASE_STRIP = NO;
				GCC_C_LANGUAGE_STANDARD = gnu99;
				GCC_DYNAMIC_NO_PIC = NO;
				GCC_OPTIMIZATION_LEVEL = 0;
				GCC_PREPROCESSOR_DEFINITIONS = (
					"DEBUG=1",
					"$(inherited)",
				);
				GCC_SYMBOLS_PRIVATE_EXTERN = NO;
				GCC_WARN_64_TO_32_BIT_CONVERSION = YES;
				GCC_WARN_ABOUT_RETURN_TYPE = YES_ERROR;
				GCC_WARN_UNDECLARED_SELECTOR = YES;
				GCC_WARN_UNINITIALIZED_AUTOS = YES_AGGRESSIVE;
				GCC_WARN_UNUSED_FUNCTION = YES;
				GCC_WARN_UNUSED_VARIABLE = YES;
				IPHONEOS_DEPLOYMENT_TARGET = 7.1;
				ONLY_ACTIVE_ARCH = YES;
				SDKROOT = iphoneos;
			};
			name = Debug;
		};
		48C0D35019527F4500A84B39 /* Release */ = {
			isa = XCBuildConfiguration;
			buildSettings = {
				ALWAYS_SEARCH_USER_PATHS = NO;
				CLANG_CXX_LANGUAGE_STANDARD = "gnu++0x";
				CLANG_CXX_LIBRARY = "libc++";
				CLANG_ENABLE_MODULES = YES;
				CLANG_ENABLE_OBJC_ARC = YES;
				CLANG_WARN_BOOL_CONVERSION = YES;
				CLANG_WARN_CONSTANT_CONVERSION = YES;
				CLANG_WARN_DIRECT_OBJC_ISA_USAGE = YES_ERROR;
				CLANG_WARN_EMPTY_BODY = YES;
				CLANG_WARN_ENUM_CONVERSION = YES;
				CLANG_WARN_INT_CONVERSION = YES;
				CLANG_WARN_OBJC_ROOT_CLASS = YES_ERROR;
				CLANG_WARN__DUPLICATE_METHOD_MATCH = YES;
				"CODE_SIGN_IDENTITY[sdk=iphoneos*]" = "iPhone Developer";
				COPY_PHASE_STRIP = YES;
				ENABLE_NS_ASSERTIONS = NO;
				GCC_C_LANGUAGE_STANDARD = gnu99;
				GCC_WARN_64_TO_32_BIT_CONVERSION = YES;
				GCC_WARN_ABOUT_RETURN_TYPE = YES_ERROR;
				GCC_WARN_UNDECLARED_SELECTOR = YES;
				GCC_WARN_UNINITIALIZED_AUTOS = YES_AGGRESSIVE;
				GCC_WARN_UNUSED_FUNCTION = YES;
				GCC_WARN_UNUSED_VARIABLE = YES;
				IPHONEOS_DEPLOYMENT_TARGET = 7.1;
				SDKROOT = iphoneos;
				VALIDATE_PRODUCT = YES;
			};
			name = Release;
		};
		48C0D35219527F4500A84B39 /* Debug */ = {
			isa = XCBuildConfiguration;
			buildSettings = {
				ASSETCATALOG_COMPILER_APPICON_NAME = AppIcon;
				ASSETCATALOG_COMPILER_LAUNCHIMAGE_NAME = LaunchImage;
				GCC_PRECOMPILE_PREFIX_HEADER = YES;
				GCC_PREFIX_HEADER = "Protein Tracker/Protein Tracker-Prefix.pch";
				INFOPLIST_FILE = "Protein Tracker/Protein Tracker-Info.plist";
				PRODUCT_NAME = "$(TARGET_NAME)";
				WRAPPER_EXTENSION = app;
			};
			name = Debug;
		};
		48C0D35319527F4500A84B39 /* Release */ = {
			isa = XCBuildConfiguration;
			buildSettings = {
				ASSETCATALOG_COMPILER_APPICON_NAME = AppIcon;
				ASSETCATALOG_COMPILER_LAUNCHIMAGE_NAME = LaunchImage;
				GCC_PRECOMPILE_PREFIX_HEADER = YES;
				GCC_PREFIX_HEADER = "Protein Tracker/Protein Tracker-Prefix.pch";
				INFOPLIST_FILE = "Protein Tracker/Protein Tracker-Info.plist";
				PRODUCT_NAME = "$(TARGET_NAME)";
				WRAPPER_EXTENSION = app;
			};
			name = Release;
		};
		48C0D35519527F4500A84B39 /* Debug */ = {
			isa = XCBuildConfiguration;
			buildSettings = {
				BUNDLE_LOADER = "$(BUILT_PRODUCTS_DIR)/Protein Tracker.app/Protein Tracker";
				FRAMEWORK_SEARCH_PATHS = (
					"$(SDKROOT)/Developer/Library/Frameworks",
					"$(inherited)",
					"$(DEVELOPER_FRAMEWORKS_DIR)",
				);
				GCC_PRECOMPILE_PREFIX_HEADER = YES;
				GCC_PREFIX_HEADER = "Protein Tracker/Protein Tracker-Prefix.pch";
				GCC_PREPROCESSOR_DEFINITIONS = (
					"DEBUG=1",
					"$(inherited)",
				);
				INFOPLIST_FILE = "Protein TrackerTests/Protein TrackerTests-Info.plist";
				PRODUCT_NAME = "$(TARGET_NAME)";
				TEST_HOST = "$(BUNDLE_LOADER)";
				WRAPPER_EXTENSION = xctest;
			};
			name = Debug;
		};
		48C0D35619527F4500A84B39 /* Release */ = {
			isa = XCBuildConfiguration;
			buildSettings = {
				BUNDLE_LOADER = "$(BUILT_PRODUCTS_DIR)/Protein Tracker.app/Protein Tracker";
				FRAMEWORK_SEARCH_PATHS = (
					"$(SDKROOT)/Developer/Library/Frameworks",
					"$(inherited)",
					"$(DEVELOPER_FRAMEWORKS_DIR)",
				);
				GCC_PRECOMPILE_PREFIX_HEADER = YES;
				GCC_PREFIX_HEADER = "Protein Tracker/Protein Tracker-Prefix.pch";
				INFOPLIST_FILE = "Protein TrackerTests/Protein TrackerTests-Info.plist";
				PRODUCT_NAME = "$(TARGET_NAME)";
				TEST_HOST = "$(BUNDLE_LOADER)";
				WRAPPER_EXTENSION = xctest;
			};
			name = Release;
		};
/* End XCBuildConfiguration section */

/* Begin XCConfigurationList section */
		48C0D31A19527F4500A84B39 /* Build configuration list for PBXProject "Protein Tracker" */ = {
			isa = XCConfigurationList;
			buildConfigurations = (
				48C0D34F19527F4500A84B39 /* Debug */,
				48C0D35019527F4500A84B39 /* Release */,
			);
			defaultConfigurationIsVisible = 0;
			defaultConfigurationName = Release;
		};
		48C0D35119527F4500A84B39 /* Build configuration list for PBXNativeTarget "Protein Tracker" */ = {
			isa = XCConfigurationList;
			buildConfigurations = (
				48C0D35219527F4500A84B39 /* Debug */,
				48C0D35319527F4500A84B39 /* Release */,
			);
			defaultConfigurationIsVisible = 0;
		};
		48C0D35419527F4500A84B39 /* Build configuration list for PBXNativeTarget "Protein TrackerTests" */ = {
			isa = XCConfigurationList;
			buildConfigurations = (
				48C0D35519527F4500A84B39 /* Debug */,
				48C0D35619527F4500A84B39 /* Release */,
			);
			defaultConfigurationIsVisible = 0;
		};
/* End XCConfigurationList section */
	};
	rootObject = 48C0D31719527F4500A84B39 /* Project object */;
}
